
Microsoft Visual Studio Solution File, Format Version 12.00
# Visual Studio Version 16
VisualStudioVersion = 16.0.29411.108
MinimumVisualStudioVersion = 10.0.40219.1
Project("{9A19103F-16F7-4668-BE54-9A1E7A4F7556}") = "DoSomething", "DoSomething\DoSomething.csproj", "{39750B12-4CF5-4F86-BBE8-69E31BEC0472}"
EndProject
Project("{FAE04EC0-301F-11D3-BF4B-00C04F79EFBC}") = "StaticClass", "StaticClass\StaticClass.csproj", "{06433414-C144-4B82-BA26-089B5CB48FE8}"
EndProject
Project("{FAE04EC0-301F-11D3-BF4B-00C04F79EFBC}") = "InheritanceClass", "InheritanceClass\InheritanceClass.csproj", "{9C24BB08-90A2-4F7D-8428-65AEB58F4219}"
EndProject
Project("{FAE04EC0-301F-11D3-BF4B-00C04F79EFBC}") = "AbstractClass", "AbstractClass\AbstractClass.csproj", "{E9BA874A-9CBB-48B5-B1BC-86E64AB0D2B0}"
EndProject
Project("{FAE04EC0-301F-11D3-BF4B-00C04F79EFBC}") = "PolymorphismClass", "PolymorphismClass\PolymorphismClass.csproj", "{517D2493-1FB6-431B-AABE-D4CF910F4775}"
EndProject
Project("{FAE04EC0-301F-11D3-BF4B-00C04F79EFBC}") = "PackageClass", "PackageClass\PackageClass.csproj", "{892F5C33-AE8B-4CDA-912B-4470625FED6E}"
EndProject
Project("{FAE04EC0-301F-11D3-BF4B-00C04F79EFBC}") = "EnumSample", "EnumSample\EnumSample.csproj", "{227DB57E-7B8B-460D-A1B0-1A6E676FF86C}"
EndProject
Project("{FAE04EC0-301F-11D3-BF4B-00C04F79EFBC}") = "OverloadSample", "OverloadSample\OverloadSample.csproj", "{4B33CFA0-DC73-43CF-8571-E34E523375E6}"
EndProject
Project("{FAE04EC0-301F-11D3-BF4B-00C04F79EFBC}") = "StructureTrickySample", "StructureTrickySample\StructureTrickySample.csproj", "{917FD018-19E3-4E8B-91B5-FF0BC65F5275}"
EndProject
Project("{FAE04EC0-301F-11D3-BF4B-00C04F79EFBC}") = "NullableSample", "NullableSample\NullableSample.csproj", "{442D4E48-5C01-4F04-A753-7093CCD52029}"
EndProject
Project("{FAE04EC0-301F-11D3-BF4B-00C04F79EFBC}") = "ValueTupleSample", "ValueTupleSample\ValueTupleSample.csproj", "{501214F7-469B-41EF-8A03-F9D3B47F25CE}"
EndProject
Project("{FAE04EC0-301F-11D3-BF4B-00C04F79EFBC}") = "BoxingSample", "BoxingSample\BoxingSample.csproj", "{BE14F8E5-8039-46B8-837B-696FDCD986B8}"
EndProject
Project("{FAE04EC0-301F-11D3-BF4B-00C04F79EFBC}") = "PropertySample", "PropertySample\PropertySample.csproj", "{61AE1DA4-240B-471F-AF55-D4B87DE5E090}"
EndProject
Project("{FAE04EC0-301F-11D3-BF4B-00C04F79EFBC}") = "FunctionParameterSample", "FunctionParameterSample\FunctionParameterSample.csproj", "{35EF75BA-7FAB-4AAF-BFF5-E9E74230FE67}"
EndProject
Global
	GlobalSection(SolutionConfigurationPlatforms) = preSolution
		Debug|Any CPU = Debug|Any CPU
		Release|Any CPU = Release|Any CPU
	EndGlobalSection
	GlobalSection(ProjectConfigurationPlatforms) = postSolution
		{39750B12-4CF5-4F86-BBE8-69E31BEC0472}.Debug|Any CPU.ActiveCfg = Debug|Any CPU
		{39750B12-4CF5-4F86-BBE8-69E31BEC0472}.Debug|Any CPU.Build.0 = Debug|Any CPU
		{39750B12-4CF5-4F86-BBE8-69E31BEC0472}.Release|Any CPU.ActiveCfg = Release|Any CPU
		{39750B12-4CF5-4F86-BBE8-69E31BEC0472}.Release|Any CPU.Build.0 = Release|Any CPU
		{06433414-C144-4B82-BA26-089B5CB48FE8}.Debug|Any CPU.ActiveCfg = Debug|Any CPU
		{06433414-C144-4B82-BA26-089B5CB48FE8}.Debug|Any CPU.Build.0 = Debug|Any CPU
		{06433414-C144-4B82-BA26-089B5CB48FE8}.Release|Any CPU.ActiveCfg = Release|Any CPU
		{06433414-C144-4B82-BA26-089B5CB48FE8}.Release|Any CPU.Build.0 = Release|Any CPU
		{9C24BB08-90A2-4F7D-8428-65AEB58F4219}.Debug|Any CPU.ActiveCfg = Debug|Any CPU
		{9C24BB08-90A2-4F7D-8428-65AEB58F4219}.Debug|Any CPU.Build.0 = Debug|Any CPU
		{9C24BB08-90A2-4F7D-8428-65AEB58F4219}.Release|Any CPU.ActiveCfg = Release|Any CPU
		{9C24BB08-90A2-4F7D-8428-65AEB58F4219}.Release|Any CPU.Build.0 = Release|Any CPU
		{E9BA874A-9CBB-48B5-B1BC-86E64AB0D2B0}.Debug|Any CPU.ActiveCfg = Debug|Any CPU
		{E9BA874A-9CBB-48B5-B1BC-86E64AB0D2B0}.Debug|Any CPU.Build.0 = Debug|Any CPU
		{E9BA874A-9CBB-48B5-B1BC-86E64AB0D2B0}.Release|Any CPU.ActiveCfg = Release|Any CPU
		{E9BA874A-9CBB-48B5-B1BC-86E64AB0D2B0}.Release|Any CPU.Build.0 = Release|Any CPU
		{517D2493-1FB6-431B-AABE-D4CF910F4775}.Debug|Any CPU.ActiveCfg = Debug|Any CPU
		{517D2493-1FB6-431B-AABE-D4CF910F4775}.Debug|Any CPU.Build.0 = Debug|Any CPU
		{517D2493-1FB6-431B-AABE-D4CF910F4775}.Release|Any CPU.ActiveCfg = Release|Any CPU
		{517D2493-1FB6-431B-AABE-D4CF910F4775}.Release|Any CPU.Build.0 = Release|Any CPU
		{892F5C33-AE8B-4CDA-912B-4470625FED6E}.Debug|Any CPU.ActiveCfg = Debug|Any CPU
		{892F5C33-AE8B-4CDA-912B-4470625FED6E}.Debug|Any CPU.Build.0 = Debug|Any CPU
		{892F5C33-AE8B-4CDA-912B-4470625FED6E}.Release|Any CPU.ActiveCfg = Release|Any CPU
		{892F5C33-AE8B-4CDA-912B-4470625FED6E}.Release|Any CPU.Build.0 = Release|Any CPU
		{227DB57E-7B8B-460D-A1B0-1A6E676FF86C}.Debug|Any CPU.ActiveCfg = Debug|Any CPU
		{227DB57E-7B8B-460D-A1B0-1A6E676FF86C}.Debug|Any CPU.Build.0 = Debug|Any CPU
		{227DB57E-7B8B-460D-A1B0-1A6E676FF86C}.Release|Any CPU.ActiveCfg = Release|Any CPU
		{227DB57E-7B8B-460D-A1B0-1A6E676FF86C}.Release|Any CPU.Build.0 = Release|Any CPU
		{4B33CFA0-DC73-43CF-8571-E34E523375E6}.Debug|Any CPU.ActiveCfg = Debug|Any CPU
		{4B33CFA0-DC73-43CF-8571-E34E523375E6}.Debug|Any CPU.Build.0 = Debug|Any CPU
		{4B33CFA0-DC73-43CF-8571-E34E523375E6}.Release|Any CPU.ActiveCfg = Release|Any CPU
		{4B33CFA0-DC73-43CF-8571-E34E523375E6}.Release|Any CPU.Build.0 = Release|Any CPU
		{917FD018-19E3-4E8B-91B5-FF0BC65F5275}.Debug|Any CPU.ActiveCfg = Debug|Any CPU
		{917FD018-19E3-4E8B-91B5-FF0BC65F5275}.Debug|Any CPU.Build.0 = Debug|Any CPU
		{917FD018-19E3-4E8B-91B5-FF0BC65F5275}.Release|Any CPU.ActiveCfg = Release|Any CPU
		{917FD018-19E3-4E8B-91B5-FF0BC65F5275}.Release|Any CPU.Build.0 = Release|Any CPU
		{442D4E48-5C01-4F04-A753-7093CCD52029}.Debug|Any CPU.ActiveCfg = Debug|Any CPU
		{442D4E48-5C01-4F04-A753-7093CCD52029}.Debug|Any CPU.Build.0 = Debug|Any CPU
		{442D4E48-5C01-4F04-A753-7093CCD52029}.Release|Any CPU.ActiveCfg = Release|Any CPU
		{442D4E48-5C01-4F04-A753-7093CCD52029}.Release|Any CPU.Build.0 = Release|Any CPU
		{501214F7-469B-41EF-8A03-F9D3B47F25CE}.Debug|Any CPU.ActiveCfg = Debug|Any CPU
		{501214F7-469B-41EF-8A03-F9D3B47F25CE}.Debug|Any CPU.Build.0 = Debug|Any CPU
		{501214F7-469B-41EF-8A03-F9D3B47F25CE}.Release|Any CPU.ActiveCfg = Release|Any CPU
		{501214F7-469B-41EF-8A03-F9D3B47F25CE}.Release|Any CPU.Build.0 = Release|Any CPU
		{BE14F8E5-8039-46B8-837B-696FDCD986B8}.Debug|Any CPU.ActiveCfg = Debug|Any CPU
		{BE14F8E5-8039-46B8-837B-696FDCD986B8}.Debug|Any CPU.Build.0 = Debug|Any CPU
		{BE14F8E5-8039-46B8-837B-696FDCD986B8}.Release|Any CPU.ActiveCfg = Release|Any CPU
		{BE14F8E5-8039-46B8-837B-696FDCD986B8}.Release|Any CPU.Build.0 = Release|Any CPU
		{61AE1DA4-240B-471F-AF55-D4B87DE5E090}.Debug|Any CPU.ActiveCfg = Debug|Any CPU
		{61AE1DA4-240B-471F-AF55-D4B87DE5E090}.Debug|Any CPU.Build.0 = Debug|Any CPU
		{61AE1DA4-240B-471F-AF55-D4B87DE5E090}.Release|Any CPU.ActiveCfg = Release|Any CPU
		{61AE1DA4-240B-471F-AF55-D4B87DE5E090}.Release|Any CPU.Build.0 = Release|Any CPU
		{35EF75BA-7FAB-4AAF-BFF5-E9E74230FE67}.Debug|Any CPU.ActiveCfg = Debug|Any CPU
		{35EF75BA-7FAB-4AAF-BFF5-E9E74230FE67}.Debug|Any CPU.Build.0 = Debug|Any CPU
		{35EF75BA-7FAB-4AAF-BFF5-E9E74230FE67}.Release|Any CPU.ActiveCfg = Release|Any CPU
		{35EF75BA-7FAB-4AAF-BFF5-E9E74230FE67}.Release|Any CPU.Build.0 = Release|Any CPU
	EndGlobalSection
	GlobalSection(SolutionProperties) = preSolution
		HideSolutionNode = FALSE
	EndGlobalSection
	GlobalSection(ExtensibilityGlobals) = postSolution
		SolutionGuid = {33911C2A-B328-48F5-BEEB-945DD05D3E1A}
	EndGlobalSection
EndGlobal
