
Microsoft Visual Studio Solution File, Format Version 12.00
# Visual Studio Version 16
VisualStudioVersion = 16.0.29411.108
MinimumVisualStudioVersion = 10.0.40219.1
Project("{9A19103F-16F7-4668-BE54-9A1E7A4F7556}") = "DoSomething", "DoSomething\DoSomething.csproj", "{39750B12-4CF5-4F86-BBE8-69E31BEC0472}"
EndProject
Project("{FAE04EC0-301F-11D3-BF4B-00C04F79EFBC}") = "StaticClass", "StaticClass\StaticClass.csproj", "{06433414-C144-4B82-BA26-089B5CB48FE8}"
EndProject
Project("{FAE04EC0-301F-11D3-BF4B-00C04F79EFBC}") = "InheritanceClass", "InheritanceClass\InheritanceClass.csproj", "{9C24BB08-90A2-4F7D-8428-65AEB58F4219}"
EndProject
Project("{FAE04EC0-301F-11D3-BF4B-00C04F79EFBC}") = "AbstractClass", "AbstractClass\AbstractClass.csproj", "{E9BA874A-9CBB-48B5-B1BC-86E64AB0D2B0}"
EndProject
Project("{FAE04EC0-301F-11D3-BF4B-00C04F79EFBC}") = "PolymorphismClass", "PolymorphismClass\PolymorphismClass.csproj", "{517D2493-1FB6-431B-AABE-D4CF910F4775}"
EndProject
Project("{FAE04EC0-301F-11D3-BF4B-00C04F79EFBC}") = "PackageClass", "PackageClass\PackageClass.csproj", "{892F5C33-AE8B-4CDA-912B-4470625FED6E}"
EndProject
Global
	GlobalSection(SolutionConfigurationPlatforms) = preSolution
		Debug|Any CPU = Debug|Any CPU
		Release|Any CPU = Release|Any CPU
	EndGlobalSection
	GlobalSection(ProjectConfigurationPlatforms) = postSolution
		{39750B12-4CF5-4F86-BBE8-69E31BEC0472}.Debug|Any CPU.ActiveCfg = Debug|Any CPU
		{39750B12-4CF5-4F86-BBE8-69E31BEC0472}.Debug|Any CPU.Build.0 = Debug|Any CPU
		{39750B12-4CF5-4F86-BBE8-69E31BEC0472}.Release|Any CPU.ActiveCfg = Release|Any CPU
		{39750B12-4CF5-4F86-BBE8-69E31BEC0472}.Release|Any CPU.Build.0 = Release|Any CPU
		{06433414-C144-4B82-BA26-089B5CB48FE8}.Debug|Any CPU.ActiveCfg = Debug|Any CPU
		{06433414-C144-4B82-BA26-089B5CB48FE8}.Debug|Any CPU.Build.0 = Debug|Any CPU
		{06433414-C144-4B82-BA26-089B5CB48FE8}.Release|Any CPU.ActiveCfg = Release|Any CPU
		{06433414-C144-4B82-BA26-089B5CB48FE8}.Release|Any CPU.Build.0 = Release|Any CPU
		{9C24BB08-90A2-4F7D-8428-65AEB58F4219}.Debug|Any CPU.ActiveCfg = Debug|Any CPU
		{9C24BB08-90A2-4F7D-8428-65AEB58F4219}.Debug|Any CPU.Build.0 = Debug|Any CPU
		{9C24BB08-90A2-4F7D-8428-65AEB58F4219}.Release|Any CPU.ActiveCfg = Release|Any CPU
		{9C24BB08-90A2-4F7D-8428-65AEB58F4219}.Release|Any CPU.Build.0 = Release|Any CPU
	EndGlobalSection
	GlobalSection(SolutionProperties) = preSolution
		HideSolutionNode = FALSE
	EndGlobalSection
	GlobalSection(ExtensibilityGlobals) = postSolution
		SolutionGuid = {33911C2A-B328-48F5-BEEB-945DD05D3E1A}
	EndGlobalSection
EndGlobal
